
Microsoft Visual Studio Solution File, Format Version 12.00
# Visual Studio Version 17
VisualStudioVersion = 17.6.33815.320
MinimumVisualStudioVersion = 10.0.40219.1
Project("{FAE04EC0-301F-11D3-BF4B-00C04F79EFBC}") = "bocchi-the-block", "bocchi-the-block\bocchi-the-block.csproj", "{9F60329F-8F04-49C1-8707-19A57A619C61}"
EndProject
Global
	GlobalSection(SolutionConfigurationPlatforms) = preSolution
		Debug|Any CPU = Debug|Any CPU
		Release|Any CPU = Release|Any CPU
	EndGlobalSection
	GlobalSection(ProjectConfigurationPlatforms) = postSolution
		{9F60329F-8F04-49C1-8707-19A57A619C61}.Debug|Any CPU.ActiveCfg = Debug|Any CPU
		{9F60329F-8F04-49C1-8707-19A57A619C61}.Debug|Any CPU.Build.0 = Debug|Any CPU
		{9F60329F-8F04-49C1-8707-19A57A619C61}.Release|Any CPU.ActiveCfg = Release|Any CPU
		{9F60329F-8F04-49C1-8707-19A57A619C61}.Release|Any CPU.Build.0 = Release|Any CPU
	EndGlobalSection
	GlobalSection(SolutionProperties) = preSolution
		HideSolutionNode = FALSE
	EndGlobalSection
	GlobalSection(ExtensibilityGlobals) = postSolution
		SolutionGuid = {8A47A0EF-5CF1-4A73-A845-45F471BEEB15}
	EndGlobalSection
EndGlobal
